Microsoft Visual Studio Solution File, Format Version 12.00
# Visual Studio 14
VisualStudioVersion = 14.0.25420.1
MinimumVisualStudioVersion = 10.0.40219.1
Project("{8BC9CEB8-8B4A-11D0-8D11-00A0C91BC942}") = "ALL_BUILD", "ALL_BUILD.vcxproj", "{996C8421-8CA2-37DC-98DD-DD1A8D4785D5}"
	ProjectSection(ProjectDependencies) = postProject
		{BAF528E2-9DE3-3541-B78C-08F81A2AA922} = {BAF528E2-9DE3-3541-B78C-08F81A2AA922}
	EndProjectSection
EndProject
Project("{8BC9CEB8-8B4A-11D0-8D11-00A0C91BC942}") = "TestMaker", "OpenARK.vcxproj", "{BAF528E2-9DE3-3541-B78C-08F81A2AA922}"
EndProject
Project("{8BC9CEB8-8B4A-11D0-8D11-00A0C91BC942}") = "HandClassifier", "HandClassifier\HandClassifier.vcxproj", "{7E010840-0CC8-4AB6-8CA5-E6C1D34857EF}"
EndProject
Project("{8BC9CEB8-8B4A-11D0-8D11-00A0C91BC942}") = "DLabel", "ImageClassifier\ImageClassifier.vcxproj", "{EFF25258-F093-4E6F-9A38-B1E0042475D9}"
EndProject
Project("{8BC9CEB8-8B4A-11D0-8D11-00A0C91BC942}") = "DMView", "dmview\dmview.vcxproj", "{6EC1237A-05F5-4F40-9F06-6A99505473FC}"
EndProject
Project("{8BC9CEB8-8B4A-11D0-8D11-00A0C91BC942}") = "ImgHandInfo", "ImgHandInfo\ImgHandInfo.vcxproj", "{8857CA0A-DB80-4AAB-9567-32ACE8DA0671}"
EndProject
Global
	GlobalSection(SolutionConfigurationPlatforms) = preSolution
		Debug|x64 = Debug|x64
		Debug|x86 = Debug|x86
		MinSizeRel|x64 = MinSizeRel|x64
		MinSizeRel|x86 = MinSizeRel|x86
		Release|x64 = Release|x64
		Release|x86 = Release|x86
		RelWithDebInfo|x64 = RelWithDebInfo|x64
		RelWithDebInfo|x86 = RelWithDebInfo|x86
	EndGlobalSection
	GlobalSection(ProjectConfigurationPlatforms) = postSolution
		{996C8421-8CA2-37DC-98DD-DD1A8D4785D5}.Debug|x64.ActiveCfg = Debug|x64
		{996C8421-8CA2-37DC-98DD-DD1A8D4785D5}.Debug|x86.ActiveCfg = Debug|x64
		{996C8421-8CA2-37DC-98DD-DD1A8D4785D5}.MinSizeRel|x64.ActiveCfg = MinSizeRel|x64
		{996C8421-8CA2-37DC-98DD-DD1A8D4785D5}.MinSizeRel|x86.ActiveCfg = MinSizeRel|x64
		{996C8421-8CA2-37DC-98DD-DD1A8D4785D5}.Release|x64.ActiveCfg = Release|x64
		{996C8421-8CA2-37DC-98DD-DD1A8D4785D5}.Release|x86.ActiveCfg = Release|x64
		{996C8421-8CA2-37DC-98DD-DD1A8D4785D5}.RelWithDebInfo|x64.ActiveCfg = RelWithDebInfo|x64
		{996C8421-8CA2-37DC-98DD-DD1A8D4785D5}.RelWithDebInfo|x86.ActiveCfg = RelWithDebInfo|x64
		{BAF528E2-9DE3-3541-B78C-08F81A2AA922}.Debug|x64.ActiveCfg = Debug|x64
		{BAF528E2-9DE3-3541-B78C-08F81A2AA922}.Debug|x64.Build.0 = Debug|x64
		{BAF528E2-9DE3-3541-B78C-08F81A2AA922}.Debug|x86.ActiveCfg = Debug|x64
		{BAF528E2-9DE3-3541-B78C-08F81A2AA922}.MinSizeRel|x64.ActiveCfg = MinSizeRel|x64
		{BAF528E2-9DE3-3541-B78C-08F81A2AA922}.MinSizeRel|x64.Build.0 = MinSizeRel|x64
		{BAF528E2-9DE3-3541-B78C-08F81A2AA922}.MinSizeRel|x86.ActiveCfg = MinSizeRel|x64
		{BAF528E2-9DE3-3541-B78C-08F81A2AA922}.Release|x64.ActiveCfg = Release|x64
		{BAF528E2-9DE3-3541-B78C-08F81A2AA922}.Release|x64.Build.0 = Release|x64
		{BAF528E2-9DE3-3541-B78C-08F81A2AA922}.Release|x86.ActiveCfg = Release|x64
		{BAF528E2-9DE3-3541-B78C-08F81A2AA922}.RelWithDebInfo|x64.ActiveCfg = RelWithDebInfo|x64
		{BAF528E2-9DE3-3541-B78C-08F81A2AA922}.RelWithDebInfo|x64.Build.0 = RelWithDebInfo|x64
		{BAF528E2-9DE3-3541-B78C-08F81A2AA922}.RelWithDebInfo|x86.ActiveCfg = RelWithDebInfo|x64
		{7E010840-0CC8-4AB6-8CA5-E6C1D34857EF}.Debug|x64.ActiveCfg = Debug|x64
		{7E010840-0CC8-4AB6-8CA5-E6C1D34857EF}.Debug|x64.Build.0 = Debug|x64
		{7E010840-0CC8-4AB6-8CA5-E6C1D34857EF}.Debug|x86.ActiveCfg = Debug|Win32
		{7E010840-0CC8-4AB6-8CA5-E6C1D34857EF}.Debug|x86.Build.0 = Debug|Win32
		{7E010840-0CC8-4AB6-8CA5-E6C1D34857EF}.MinSizeRel|x64.ActiveCfg = Release|x64
		{7E010840-0CC8-4AB6-8CA5-E6C1D34857EF}.MinSizeRel|x64.Build.0 = Release|x64
		{7E010840-0CC8-4AB6-8CA5-E6C1D34857EF}.MinSizeRel|x86.ActiveCfg = Release|Win32
		{7E010840-0CC8-4AB6-8CA5-E6C1D34857EF}.MinSizeRel|x86.Build.0 = Release|Win32
		{7E010840-0CC8-4AB6-8CA5-E6C1D34857EF}.Release|x64.ActiveCfg = Release|x64
		{7E010840-0CC8-4AB6-8CA5-E6C1D34857EF}.Release|x64.Build.0 = Release|x64
		{7E010840-0CC8-4AB6-8CA5-E6C1D34857EF}.Release|x86.ActiveCfg = Release|Win32
		{7E010840-0CC8-4AB6-8CA5-E6C1D34857EF}.Release|x86.Build.0 = Release|Win32
		{7E010840-0CC8-4AB6-8CA5-E6C1D34857EF}.RelWithDebInfo|x64.ActiveCfg = Release|x64
		{7E010840-0CC8-4AB6-8CA5-E6C1D34857EF}.RelWithDebInfo|x64.Build.0 = Release|x64
		{7E010840-0CC8-4AB6-8CA5-E6C1D34857EF}.RelWithDebInfo|x86.ActiveCfg = Release|Win32
		{7E010840-0CC8-4AB6-8CA5-E6C1D34857EF}.RelWithDebInfo|x86.Build.0 = Release|Win32
		{EFF25258-F093-4E6F-9A38-B1E0042475D9}.Debug|x64.ActiveCfg = Debug|x64
		{EFF25258-F093-4E6F-9A38-B1E0042475D9}.Debug|x64.Build.0 = Debug|x64
		{EFF25258-F093-4E6F-9A38-B1E0042475D9}.Debug|x86.ActiveCfg = Debug|Win32
		{EFF25258-F093-4E6F-9A38-B1E0042475D9}.Debug|x86.Build.0 = Debug|Win32
		{EFF25258-F093-4E6F-9A38-B1E0042475D9}.MinSizeRel|x64.ActiveCfg = Release|x64
		{EFF25258-F093-4E6F-9A38-B1E0042475D9}.MinSizeRel|x64.Build.0 = Release|x64
		{EFF25258-F093-4E6F-9A38-B1E0042475D9}.MinSizeRel|x86.ActiveCfg = Release|Win32
		{EFF25258-F093-4E6F-9A38-B1E0042475D9}.MinSizeRel|x86.Build.0 = Release|Win32
		{EFF25258-F093-4E6F-9A38-B1E0042475D9}.Release|x64.ActiveCfg = Release|x64
		{EFF25258-F093-4E6F-9A38-B1E0042475D9}.Release|x64.Build.0 = Release|x64
		{EFF25258-F093-4E6F-9A38-B1E0042475D9}.Release|x86.ActiveCfg = Release|Win32
		{EFF25258-F093-4E6F-9A38-B1E0042475D9}.Release|x86.Build.0 = Release|Win32
		{EFF25258-F093-4E6F-9A38-B1E0042475D9}.RelWithDebInfo|x64.ActiveCfg = Release|x64
		{EFF25258-F093-4E6F-9A38-B1E0042475D9}.RelWithDebInfo|x64.Build.0 = Release|x64
		{EFF25258-F093-4E6F-9A38-B1E0042475D9}.RelWithDebInfo|x86.ActiveCfg = Release|Win32
		{EFF25258-F093-4E6F-9A38-B1E0042475D9}.RelWithDebInfo|x86.Build.0 = Release|Win32
		{6EC1237A-05F5-4F40-9F06-6A99505473FC}.Debug|x64.ActiveCfg = Debug|x64
		{6EC1237A-05F5-4F40-9F06-6A99505473FC}.Debug|x64.Build.0 = Debug|x64
		{6EC1237A-05F5-4F40-9F06-6A99505473FC}.Debug|x86.ActiveCfg = Debug|Win32
		{6EC1237A-05F5-4F40-9F06-6A99505473FC}.Debug|x86.Build.0 = Debug|Win32
		{6EC1237A-05F5-4F40-9F06-6A99505473FC}.MinSizeRel|x64.ActiveCfg = Release|x64
		{6EC1237A-05F5-4F40-9F06-6A99505473FC}.MinSizeRel|x64.Build.0 = Release|x64
		{6EC1237A-05F5-4F40-9F06-6A99505473FC}.MinSizeRel|x86.ActiveCfg = Release|Win32
		{6EC1237A-05F5-4F40-9F06-6A99505473FC}.MinSizeRel|x86.Build.0 = Release|Win32
		{6EC1237A-05F5-4F40-9F06-6A99505473FC}.Release|x64.ActiveCfg = Release|x64
		{6EC1237A-05F5-4F40-9F06-6A99505473FC}.Release|x64.Build.0 = Release|x64
		{6EC1237A-05F5-4F40-9F06-6A99505473FC}.Release|x86.ActiveCfg = Release|Win32
		{6EC1237A-05F5-4F40-9F06-6A99505473FC}.Release|x86.Build.0 = Release|Win32
		{6EC1237A-05F5-4F40-9F06-6A99505473FC}.RelWithDebInfo|x64.ActiveCfg = Release|x64
		{6EC1237A-05F5-4F40-9F06-6A99505473FC}.RelWithDebInfo|x64.Build.0 = Release|x64
		{6EC1237A-05F5-4F40-9F06-6A99505473FC}.RelWithDebInfo|x86.ActiveCfg = Release|Win32
		{6EC1237A-05F5-4F40-9F06-6A99505473FC}.RelWithDebInfo|x86.Build.0 = Release|Win32
		{8857CA0A-DB80-4AAB-9567-32ACE8DA0671}.Debug|x64.ActiveCfg = Debug|x64
		{8857CA0A-DB80-4AAB-9567-32ACE8DA0671}.Debug|x64.Build.0 = Debug|x64
		{8857CA0A-DB80-4AAB-9567-32ACE8DA0671}.Debug|x86.ActiveCfg = Debug|Win32
		{8857CA0A-DB80-4AAB-9567-32ACE8DA0671}.Debug|x86.Build.0 = Debug|Win32
		{8857CA0A-DB80-4AAB-9567-32ACE8DA0671}.MinSizeRel|x64.ActiveCfg = Release|x64
		{8857CA0A-DB80-4AAB-9567-32ACE8DA0671}.MinSizeRel|x64.Build.0 = Release|x64
		{8857CA0A-DB80-4AAB-9567-32ACE8DA0671}.MinSizeRel|x86.ActiveCfg = Release|Win32
		{8857CA0A-DB80-4AAB-9567-32ACE8DA0671}.MinSizeRel|x86.Build.0 = Release|Win32
		{8857CA0A-DB80-4AAB-9567-32ACE8DA0671}.Release|x64.ActiveCfg = Release|x64
		{8857CA0A-DB80-4AAB-9567-32ACE8DA0671}.Release|x64.Build.0 = Release|x64
		{8857CA0A-DB80-4AAB-9567-32ACE8DA0671}.Release|x86.ActiveCfg = Release|Win32
		{8857CA0A-DB80-4AAB-9567-32ACE8DA0671}.Release|x86.Build.0 = Release|Win32
		{8857CA0A-DB80-4AAB-9567-32ACE8DA0671}.RelWithDebInfo|x64.ActiveCfg = Release|x64
		{8857CA0A-DB80-4AAB-9567-32ACE8DA0671}.RelWithDebInfo|x64.Build.0 = Release|x64
		{8857CA0A-DB80-4AAB-9567-32ACE8DA0671}.RelWithDebInfo|x86.ActiveCfg = Release|Win32
		{8857CA0A-DB80-4AAB-9567-32ACE8DA0671}.RelWithDebInfo|x86.Build.0 = Release|Win32
	EndGlobalSection
	GlobalSection(SolutionProperties) = preSolution
		HideSolutionNode = FALSE
	EndGlobalSection
	GlobalSection(ExtensibilityGlobals) = postSolution
		SolutionGuid = {A9E153FC-CE68-3485-B01D-E025E9835CB1}
	EndGlobalSection
EndGlobal
